
Microsoft Visual Studio Solution File, Format Version 12.00
# Visual Studio 15
VisualStudioVersion = 15.0.28307.102
MinimumVisualStudioVersion = 10.0.40219.1
Project("{FAE04EC0-301F-11D3-BF4B-00C04F79EFBC}") = "HttpCookies", "HttpCookies\HttpCookies.csproj", "{9AB11C7F-23C2-4405-9BED-087361C2E62C}"
EndProject
Global
	GlobalSection(SolutionConfigurationPlatforms) = preSolution
		Debug|Any CPU = Debug|Any CPU
		Release|Any CPU = Release|Any CPU
	EndGlobalSection
	GlobalSection(ProjectConfigurationPlatforms) = postSolution
		{9AB11C7F-23C2-4405-9BED-087361C2E62C}.Debug|Any CPU.ActiveCfg = Debug|Any CPU
		{9AB11C7F-23C2-4405-9BED-087361C2E62C}.Debug|Any CPU.Build.0 = Debug|Any CPU
		{9AB11C7F-23C2-4405-9BED-087361C2E62C}.Release|Any CPU.ActiveCfg = Release|Any CPU
		{9AB11C7F-23C2-4405-9BED-087361C2E62C}.Release|Any CPU.Build.0 = Release|Any CPU
	EndGlobalSection
	GlobalSection(SolutionProperties) = preSolution
		HideSolutionNode = FALSE
	EndGlobalSection
	GlobalSection(ExtensibilityGlobals) = postSolution
		SolutionGuid = {B944C386-91A1-441C-8CA4-B89D21632F43}
	EndGlobalSection
EndGlobal
